// !$*UTF8*$!
{
	archiveVersion = 1;
	classes = {
	};
	objectVersion = 51;
	objects = {

/* Begin PBXBuildFile section */
		76EFC26E8606232AB73E3C23 /* Pods_UserInterface.framework in Frameworks */ = {isa = PBXBuildFile; fileRef = 6DD1CA09623A2C71DEE9E39F /* Pods_UserInterface.framework */; };
		9351870D22D5FAA500EBE346 /* GoogleService-Info.plist in Resources */ = {isa = PBXBuildFile; fileRef = 9351870C22D5FAA500EBE346 /* GoogleService-Info.plist */; };
		A04620D222D4A9F600B6DD34 /* Task.swift in Sources */ = {isa = PBXBuildFile; fileRef = A04620D122D4A9F600B6DD34 /* Task.swift */; };
		A09B6A0422D49EEC00ACA87E /* AppDelegate.swift in Sources */ = {isa = PBXBuildFile; fileRef = A09B6A0322D49EEC00ACA87E /* AppDelegate.swift */; };
		A09B6A0922D49EEC00ACA87E /* Main.storyboard in Resources */ = {isa = PBXBuildFile; fileRef = A09B6A0722D49EEC00ACA87E /* Main.storyboard */; };
		A09B6A0B22D49EED00ACA87E /* Assets.xcassets in Resources */ = {isa = PBXBuildFile; fileRef = A09B6A0A22D49EED00ACA87E /* Assets.xcassets */; };
		A09B6A0E22D49EED00ACA87E /* LaunchScreen.storyboard in Resources */ = {isa = PBXBuildFile; fileRef = A09B6A0C22D49EED00ACA87E /* LaunchScreen.storyboard */; };
		A0E184E822D4E2EC00BCC07A /* LoginController.swift in Sources */ = {isa = PBXBuildFile; fileRef = A0E184E722D4E2EC00BCC07A /* LoginController.swift */; };
		A0E184EA22D5F3E500BCC07A /* LoginController+handlers.swift in Sources */ = {isa = PBXBuildFile; fileRef = A0E184E922D5F3E500BCC07A /* LoginController+handlers.swift */; };
/* End PBXBuildFile section */

/* Begin PBXFileReference section */
		0E97FE641871EC35C28B424C /* Pods-UserInterface.release.xcconfig */ = {isa = PBXFileReference; includeInIndex = 1; lastKnownFileType = text.xcconfig; name = "Pods-UserInterface.release.xcconfig"; path = "Target Support Files/Pods-UserInterface/Pods-UserInterface.release.xcconfig"; sourceTree = "<group>"; };
		6DD1CA09623A2C71DEE9E39F /* Pods_UserInterface.framework */ = {isa = PBXFileReference; explicitFileType = wrapper.framework; includeInIndex = 0; path = Pods_UserInterface.framework; sourceTree = BUILT_PRODUCTS_DIR; };
		9351870C22D5FAA500EBE346 /* GoogleService-Info.plist */ = {isa = PBXFileReference; fileEncoding = 4; lastKnownFileType = text.plist.xml; path = "GoogleService-Info.plist"; sourceTree = "<group>"; };
		A04620D122D4A9F600B6DD34 /* Task.swift */ = {isa = PBXFileReference; lastKnownFileType = sourcecode.swift; path = Task.swift; sourceTree = "<group>"; };
		A09B6A0022D49EEC00ACA87E /* UserInterface.app */ = {isa = PBXFileReference; explicitFileType = wrapper.application; includeInIndex = 0; path = UserInterface.app; sourceTree = BUILT_PRODUCTS_DIR; };
		A09B6A0322D49EEC00ACA87E /* AppDelegate.swift */ = {isa = PBXFileReference; lastKnownFileType = sourcecode.swift; path = AppDelegate.swift; sourceTree = "<group>"; };
		A09B6A0822D49EEC00ACA87E /* Base */ = {isa = PBXFileReference; lastKnownFileType = file.storyboard; name = Base; path = Base.lproj/Main.storyboard; sourceTree = "<group>"; };
		A09B6A0A22D49EED00ACA87E /* Assets.xcassets */ = {isa = PBXFileReference; lastKnownFileType = folder.assetcatalog; path = Assets.xcassets; sourceTree = "<group>"; };
		A09B6A0D22D49EED00ACA87E /* Base */ = {isa = PBXFileReference; lastKnownFileType = file.storyboard; name = Base; path = Base.lproj/LaunchScreen.storyboard; sourceTree = "<group>"; };
		A09B6A0F22D49EED00ACA87E /* Info.plist */ = {isa = PBXFileReference; lastKnownFileType = text.plist.xml; path = Info.plist; sourceTree = "<group>"; };
		A0E184E722D4E2EC00BCC07A /* LoginController.swift */ = {isa = PBXFileReference; lastKnownFileType = sourcecode.swift; path = LoginController.swift; sourceTree = "<group>"; };
		A0E184E922D5F3E500BCC07A /* LoginController+handlers.swift */ = {isa = PBXFileReference; lastKnownFileType = sourcecode.swift; path = "LoginController+handlers.swift"; sourceTree = "<group>"; };
		DE7B8EBCF26C94D8117A68E4 /* Pods-UserInterface.debug.xcconfig */ = {isa = PBXFileReference; includeInIndex = 1; lastKnownFileType = text.xcconfig; name = "Pods-UserInterface.debug.xcconfig"; path = "Target Support Files/Pods-UserInterface/Pods-UserInterface.debug.xcconfig"; sourceTree = "<group>"; };
/* End PBXFileReference section */

/* Begin PBXFrameworksBuildPhase section */
		A09B69FD22D49EEC00ACA87E /* Frameworks */ = {
			isa = PBXFrameworksBuildPhase;
			buildActionMask = 2147483647;
			files = (
				76EFC26E8606232AB73E3C23 /* Pods_UserInterface.framework in Frameworks */,
			);
			runOnlyForDeploymentPostprocessing = 0;
		};
/* End PBXFrameworksBuildPhase section */

/* Begin PBXGroup section */
		896034E31E8AA5618D703328 /* Frameworks */ = {
			isa = PBXGroup;
			children = (
				6DD1CA09623A2C71DEE9E39F /* Pods_UserInterface.framework */,
			);
			name = Frameworks;
			sourceTree = "<group>";
		};
		A09B69F722D49EEC00ACA87E = {
			isa = PBXGroup;
			children = (
				A09B6A0222D49EEC00ACA87E /* UserInterface */,
				A09B6A0122D49EEC00ACA87E /* Products */,
				DCAEA63CD283295F8980D890 /* Pods */,
				896034E31E8AA5618D703328 /* Frameworks */,
			);
			sourceTree = "<group>";
		};
		A09B6A0122D49EEC00ACA87E /* Products */ = {
			isa = PBXGroup;
			children = (
				A09B6A0022D49EEC00ACA87E /* UserInterface.app */,
			);
			name = Products;
			sourceTree = "<group>";
		};
		A09B6A0222D49EEC00ACA87E /* UserInterface */ = {
			isa = PBXGroup;
			children = (
				A0E184E622D4E2B100BCC07A /* Controller */,
				A09B6A0322D49EEC00ACA87E /* AppDelegate.swift */,
				A04620D122D4A9F600B6DD34 /* Task.swift */,
				A09B6A0722D49EEC00ACA87E /* Main.storyboard */,
				A09B6A0A22D49EED00ACA87E /* Assets.xcassets */,
				A09B6A0C22D49EED00ACA87E /* LaunchScreen.storyboard */,
				A09B6A0F22D49EED00ACA87E /* Info.plist */,
				9351870C22D5FAA500EBE346 /* GoogleService-Info.plist */,
			);
			path = UserInterface;
			sourceTree = "<group>";
		};
		A0E184E622D4E2B100BCC07A /* Controller */ = {
			isa = PBXGroup;
			children = (
				A0E184E722D4E2EC00BCC07A /* LoginController.swift */,
				A0E184E922D5F3E500BCC07A /* LoginController+handlers.swift */,
			);
			path = Controller;
			sourceTree = "<group>";
		};
		DCAEA63CD283295F8980D890 /* Pods */ = {
			isa = PBXGroup;
			children = (
				DE7B8EBCF26C94D8117A68E4 /* Pods-UserInterface.debug.xcconfig */,
				0E97FE641871EC35C28B424C /* Pods-UserInterface.release.xcconfig */,
			);
			path = Pods;
			sourceTree = "<group>";
		};
/* End PBXGroup section */

/* Begin PBXNativeTarget section */
		A09B69FF22D49EEC00ACA87E /* UserInterface */ = {
			isa = PBXNativeTarget;
			buildConfigurationList = A09B6A1222D49EED00ACA87E /* Build configuration list for PBXNativeTarget "UserInterface" */;
			buildPhases = (
				1DA991C35A667AE4B3D383DF /* [CP] Check Pods Manifest.lock */,
				A09B69FC22D49EEC00ACA87E /* Sources */,
				A09B69FD22D49EEC00ACA87E /* Frameworks */,
				A09B69FE22D49EEC00ACA87E /* Resources */,
				5A293C80EE7D6ECB16EA9155 /* [CP] Embed Pods Frameworks */,
			);
			buildRules = (
			);
			dependencies = (
			);
			name = UserInterface;
			productName = UserInterface;
			productReference = A09B6A0022D49EEC00ACA87E /* UserInterface.app */;
			productType = "com.apple.product-type.application";
		};
/* End PBXNativeTarget section */

/* Begin PBXProject section */
		A09B69F822D49EEC00ACA87E /* Project object */ = {
			isa = PBXProject;
			attributes = {
				LastSwiftUpdateCheck = 1020;
				LastUpgradeCheck = 1020;
				ORGANIZATIONNAME = "find-my-face";
				TargetAttributes = {
					A09B69FF22D49EEC00ACA87E = {
						CreatedOnToolsVersion = 10.2.1;
					};
				};
			};
			buildConfigurationList = A09B69FB22D49EEC00ACA87E /* Build configuration list for PBXProject "UserInterface" */;
			compatibilityVersion = "Xcode 9.3";
			developmentRegion = en;
			hasScannedForEncodings = 0;
			knownRegions = (
				en,
				Base,
			);
			mainGroup = A09B69F722D49EEC00ACA87E;
			productRefGroup = A09B6A0122D49EEC00ACA87E /* Products */;
			projectDirPath = "";
			projectRoot = "";
			targets = (
				A09B69FF22D49EEC00ACA87E /* UserInterface */,
			);
		};
/* End PBXProject section */

/* Begin PBXResourcesBuildPhase section */
		A09B69FE22D49EEC00ACA87E /* Resources */ = {
			isa = PBXResourcesBuildPhase;
			buildActionMask = 2147483647;
			files = (
				A09B6A0E22D49EED00ACA87E /* LaunchScreen.storyboard in Resources */,
				A09B6A0B22D49EED00ACA87E /* Assets.xcassets in Resources */,
				9351870D22D5FAA500EBE346 /* GoogleService-Info.plist in Resources */,
				A09B6A0922D49EEC00ACA87E /* Main.storyboard in Resources */,
			);
			runOnlyForDeploymentPostprocessing = 0;
		};
/* End PBXResourcesBuildPhase section */

/* Begin PBXShellScriptBuildPhase section */
		1DA991C35A667AE4B3D383DF /* [CP] Check Pods Manifest.lock */ = {
			isa = PBXShellScriptBuildPhase;
			buildActionMask = 2147483647;
			files = (
			);
			inputFileListPaths = (
			);
			inputPaths = (
				"${PODS_PODFILE_DIR_PATH}/Podfile.lock",
				"${PODS_ROOT}/Manifest.lock",
			);
			name = "[CP] Check Pods Manifest.lock";
			outputFileListPaths = (
			);
			outputPaths = (
				"$(DERIVED_FILE_DIR)/Pods-UserInterface-checkManifestLockResult.txt",
			);
			runOnlyForDeploymentPostprocessing = 0;
			shellPath = /bin/sh;
			shellScript = "diff \"${PODS_PODFILE_DIR_PATH}/Podfile.lock\" \"${PODS_ROOT}/Manifest.lock\" > /dev/null\nif [ $? != 0 ] ; then\n    # print error to STDERR\n    echo \"error: The sandbox is not in sync with the Podfile.lock. Run 'pod install' or update your CocoaPods installation.\" >&2\n    exit 1\nfi\n# This output is used by Xcode 'outputs' to avoid re-running this script phase.\necho \"SUCCESS\" > \"${SCRIPT_OUTPUT_FILE_0}\"\n";
			showEnvVarsInLog = 0;
		};
		5A293C80EE7D6ECB16EA9155 /* [CP] Embed Pods Frameworks */ = {
			isa = PBXShellScriptBuildPhase;
			buildActionMask = 2147483647;
			files = (
			);
			inputFileListPaths = (
				"${PODS_ROOT}/Target Support Files/Pods-UserInterface/Pods-UserInterface-frameworks-${CONFIGURATION}-input-files.xcfilelist",
			);
			name = "[CP] Embed Pods Frameworks";
			outputFileListPaths = (
				"${PODS_ROOT}/Target Support Files/Pods-UserInterface/Pods-UserInterface-frameworks-${CONFIGURATION}-output-files.xcfilelist",
			);
			runOnlyForDeploymentPostprocessing = 0;
			shellPath = /bin/sh;
			shellScript = "\"${PODS_ROOT}/Target Support Files/Pods-UserInterface/Pods-UserInterface-frameworks.sh\"\n";
			showEnvVarsInLog = 0;
		};
/* End PBXShellScriptBuildPhase section */

/* Begin PBXSourcesBuildPhase section */
		A09B69FC22D49EEC00ACA87E /* Sources */ = {
			isa = PBXSourcesBuildPhase;
			buildActionMask = 2147483647;
			files = (
				A0E184E822D4E2EC00BCC07A /* LoginController.swift in Sources */,
				A04620D222D4A9F600B6DD34 /* Task.swift in Sources */,
				A09B6A0422D49EEC00ACA87E /* AppDelegate.swift in Sources */,
				A0E184EA22D5F3E500BCC07A /* LoginController+handlers.swift in Sources */,
			);
			runOnlyForDeploymentPostprocessing = 0;
		};
/* End PBXSourcesBuildPhase section */

/* Begin PBXVariantGroup section */
		A09B6A0722D49EEC00ACA87E /* Main.storyboard */ = {
			isa = PBXVariantGroup;
			children = (
				A09B6A0822D49EEC00ACA87E /* Base */,
			);
			name = Main.storyboard;
			sourceTree = "<group>";
		};
		A09B6A0C22D49EED00ACA87E /* LaunchScreen.storyboard */ = {
			isa = PBXVariantGroup;
			children = (
				A09B6A0D22D49EED00ACA87E /* Base */,
			);
			name = LaunchScreen.storyboard;
			sourceTree = "<group>";
		};
/* End PBXVariantGroup section */

/* Begin XCBuildConfiguration section */
		A09B6A1022D49EED00ACA87E /* Debug */ = {
			isa = XCBuildConfiguration;
			buildSettings = {
				ALWAYS_SEARCH_USER_PATHS = NO;
				CLANG_ANALYZER_NONNULL = YES;
				CLANG_ANALYZER_NUMBER_OBJECT_CONVERSION = YES_AGGRESSIVE;
				CLANG_CXX_LANGUAGE_STANDARD = "gnu++14";
				CLANG_CXX_LIBRARY = "libc++";
				CLANG_ENABLE_MODULES = YES;
				CLANG_ENABLE_OBJC_ARC = YES;
				CLANG_ENABLE_OBJC_WEAK = YES;
				CLANG_WARN_BLOCK_CAPTURE_AUTORELEASING = YES;
				CLANG_WARN_BOOL_CONVERSION = YES;
				CLANG_WARN_COMMA = YES;
				CLANG_WARN_CONSTANT_CONVERSION = YES;
				CLANG_WARN_DEPRECATED_OBJC_IMPLEMENTATIONS = YES;
				CLANG_WARN_DIRECT_OBJC_ISA_USAGE = YES_ERROR;
				CLANG_WARN_DOCUMENTATION_COMMENTS = YES;
				CLANG_WARN_EMPTY_BODY = YES;
				CLANG_WARN_ENUM_CONVERSION = YES;
				CLANG_WARN_INFINITE_RECURSION = YES;
				CLANG_WARN_INT_CONVERSION = YES;
				CLANG_WARN_NON_LITERAL_NULL_CONVERSION = YES;
				CLANG_WARN_OBJC_IMPLICIT_RETAIN_SELF = YES;
				CLANG_WARN_OBJC_LITERAL_CONVERSION = YES;
				CLANG_WARN_OBJC_ROOT_CLASS = YES_ERROR;
				CLANG_WARN_RANGE_LOOP_ANALYSIS = YES;
				CLANG_WARN_STRICT_PROTOTYPES = YES;
				CLANG_WARN_SUSPICIOUS_MOVE = YES;
				CLANG_WARN_UNGUARDED_AVAILABILITY = YES_AGGRESSIVE;
				CLANG_WARN_UNREACHABLE_CODE = YES;
				CLANG_WARN__DUPLICATE_METHOD_MATCH = YES;
				CODE_SIGN_IDENTITY = "iPhone Developer";
				COPY_PHASE_STRIP = NO;
				DEBUG_INFORMATION_FORMAT = dwarf;
				ENABLE_STRICT_OBJC_MSGSEND = YES;
				ENABLE_TESTABILITY = YES;
				GCC_C_LANGUAGE_STANDARD = gnu11;
				GCC_DYNAMIC_NO_PIC = NO;
				GCC_NO_COMMON_BLOCKS = YES;
				GCC_OPTIMIZATION_LEVEL = 0;
				GCC_PREPROCESSOR_DEFINITIONS = (
					"DEBUG=1",
					"$(inherited)",
				);
				GCC_WARN_64_TO_32_BIT_CONVERSION = YES;
				GCC_WARN_ABOUT_RETURN_TYPE = YES_ERROR;
				GCC_WARN_UNDECLARED_SELECTOR = YES;
				GCC_WARN_UNINITIALIZED_AUTOS = YES_AGGRESSIVE;
				GCC_WARN_UNUSED_FUNCTION = YES;
				GCC_WARN_UNUSED_VARIABLE = YES;
				IPHONEOS_DEPLOYMENT_TARGET = 12.2;
				MTL_ENABLE_DEBUG_INFO = INCLUDE_SOURCE;
				MTL_FAST_MATH = YES;
				ONLY_ACTIVE_ARCH = YES;
				SDKROOT = iphoneos;
				SWIFT_ACTIVE_COMPILATION_CONDITIONS = DEBUG;
				SWIFT_OPTIMIZATION_LEVEL = "-Onone";
			};
			name = Debug;
		};
		A09B6A1122D49EED00ACA87E /* Release */ = {
			isa = XCBuildConfiguration;
			buildSettings = {
				ALWAYS_SEARCH_USER_PATHS = NO;
				CLANG_ANALYZER_NONNULL = YES;
				CLANG_ANALYZER_NUMBER_OBJECT_CONVERSION = YES_AGGRESSIVE;
				CLANG_CXX_LANGUAGE_STANDARD = "gnu++14";
				CLANG_CXX_LIBRARY = "libc++";
				CLANG_ENABLE_MODULES = YES;
				CLANG_ENABLE_OBJC_ARC = YES;
				CLANG_ENABLE_OBJC_WEAK = YES;
				CLANG_WARN_BLOCK_CAPTURE_AUTORELEASING = YES;
				CLANG_WARN_BOOL_CONVERSION = YES;
				CLANG_WARN_COMMA = YES;
				CLANG_WARN_CONSTANT_CONVERSION = YES;
				CLANG_WARN_DEPRECATED_OBJC_IMPLEMENTATIONS = YES;
				CLANG_WARN_DIRECT_OBJC_ISA_USAGE = YES_ERROR;
				CLANG_WARN_DOCUMENTATION_COMMENTS = YES;
				CLANG_WARN_EMPTY_BODY = YES;
				CLANG_WARN_ENUM_CONVERSION = YES;
				CLANG_WARN_INFINITE_RECURSION = YES;
				CLANG_WARN_INT_CONVERSION = YES;
				CLANG_WARN_NON_LITERAL_NULL_CONVERSION = YES;
				CLANG_WARN_OBJC_IMPLICIT_RETAIN_SELF = YES;
				CLANG_WARN_OBJC_LITERAL_CONVERSION = YES;
				CLANG_WARN_OBJC_ROOT_CLASS = YES_ERROR;
				CLANG_WARN_RANGE_LOOP_ANALYSIS = YES;
				CLANG_WARN_STRICT_PROTOTYPES = YES;
				CLANG_WARN_SUSPICIOUS_MOVE = YES;
				CLANG_WARN_UNGUARDED_AVAILABILITY = YES_AGGRESSIVE;
				CLANG_WARN_UNREACHABLE_CODE = YES;
				CLANG_WARN__DUPLICATE_METHOD_MATCH = YES;
				CODE_SIGN_IDENTITY = "iPhone Developer";
				COPY_PHASE_STRIP = NO;
				DEBUG_INFORMATION_FORMAT = "dwarf-with-dsym";
				ENABLE_NS_ASSERTIONS = NO;
				ENABLE_STRICT_OBJC_MSGSEND = YES;
				GCC_C_LANGUAGE_STANDARD = gnu11;
				GCC_NO_COMMON_BLOCKS = YES;
				GCC_WARN_64_TO_32_BIT_CONVERSION = YES;
				GCC_WARN_ABOUT_RETURN_TYPE = YES_ERROR;
				GCC_WARN_UNDECLARED_SELECTOR = YES;
				GCC_WARN_UNINITIALIZED_AUTOS = YES_AGGRESSIVE;
				GCC_WARN_UNUSED_FUNCTION = YES;
				GCC_WARN_UNUSED_VARIABLE = YES;
				IPHONEOS_DEPLOYMENT_TARGET = 12.2;
				MTL_ENABLE_DEBUG_INFO = NO;
				MTL_FAST_MATH = YES;
				SDKROOT = iphoneos;
				SWIFT_COMPILATION_MODE = wholemodule;
				SWIFT_OPTIMIZATION_LEVEL = "-O";
				VALIDATE_PRODUCT = YES;
			};
			name = Release;
		};
		A09B6A1322D49EED00ACA87E /* Debug */ = {
			isa = XCBuildConfiguration;
			baseConfigurationReference = DE7B8EBCF26C94D8117A68E4 /* Pods-UserInterface.debug.xcconfig */;
			buildSettings = {
				ASSETCATALOG_COMPILER_APPICON_NAME = AppIcon;
				CODE_SIGN_STYLE = Automatic;
				INFOPLIST_FILE = UserInterface/Info.plist;
				LD_RUNPATH_SEARCH_PATHS = (
					"$(inherited)",
					"@executable_path/Frameworks",
				);
				PRODUCT_BUNDLE_IDENTIFIER = "com.find-my-face.UserInterface";
				PRODUCT_NAME = "$(TARGET_NAME)";
				SWIFT_VERSION = 5.0;
				TARGETED_DEVICE_FAMILY = "1,2";
			};
			name = Debug;
		};
		A09B6A1422D49EED00ACA87E /* Release */ = {
			isa = XCBuildConfiguration;
			baseConfigurationReference = 0E97FE641871EC35C28B424C /* Pods-UserInterface.release.xcconfig */;
			buildSettings = {
				ASSETCATALOG_COMPILER_APPICON_NAME = AppIcon;
				CODE_SIGN_STYLE = Automatic;
				INFOPLIST_FILE = UserInterface/Info.plist;
				LD_RUNPATH_SEARCH_PATHS = (
					"$(inherited)",
					"@executable_path/Frameworks",
				);
				PRODUCT_BUNDLE_IDENTIFIER = "com.find-my-face.UserInterface";
				PRODUCT_NAME = "$(TARGET_NAME)";
				SWIFT_VERSION = 5.0;
				TARGETED_DEVICE_FAMILY = "1,2";
			};
			name = Release;
		};
/* End XCBuildConfiguration section */

/* Begin XCConfigurationList section */
		A09B69FB22D49EEC00ACA87E /* Build configuration list for PBXProject "UserInterface" */ = {
			isa = XCConfigurationList;
			buildConfigurations = (
				A09B6A1022D49EED00ACA87E /* Debug */,
				A09B6A1122D49EED00ACA87E /* Release */,
			);
			defaultConfigurationIsVisible = 0;
			defaultConfigurationName = Release;
		};
		A09B6A1222D49EED00ACA87E /* Build configuration list for PBXNativeTarget "UserInterface" */ = {
			isa = XCConfigurationList;
			buildConfigurations = (
				A09B6A1322D49EED00ACA87E /* Debug */,
				A09B6A1422D49EED00ACA87E /* Release */,
			);
			defaultConfigurationIsVisible = 0;
			defaultConfigurationName = Release;
		};
/* End XCConfigurationList section */
	};
	rootObject = A09B69F822D49EEC00ACA87E /* Project object */;
}
